<?xml version="1.0" encoding="utf-8"?>
<Project ToolsVersion="4.0" xmlns="http://schemas.microsoft.com/developer/msbuild/2003">
  <ItemGroup>
    <Filter Include="Quelldateien">
      <UniqueIdentifier>{4FC737F1-C7A5-4376-A066-2A32D752A2FF}</UniqueIdentifier>
      <Extensions>cpp;c;cc;cxx;def;odl;idl;hpj;bat;asm;asmx</Extensions>
    </Filter>
    <Filter Include="Headerdateien">
      <UniqueIdentifier>{93995380-89BD-4b04-88EB-625FBE52EBFB}</UniqueIdentifier>
      <Extensions>h;hh;hpp;hxx;hm;inl;inc;xsd</Extensions>
    </Filter>
    <Filter Include="Ressourcendateien">
      <UniqueIdentifier>{67DA6AB6-F800-4c08-8B7A-83BB121AAD01}</UniqueIdentifier>
      <Extensions>rc;ico;cur;bmp;dlg;rc2;rct;bin;rgs;gif;jpg;jpeg;jpe;resx;tiff;tif;png;wav;mfcribbon-ms</Extensions>
    </Filter>
    <Filter Include="Quelldateien\Fahrzeuge">
      <UniqueIdentifier>{3c809e82-7b19-454e-9aa0-89f1a00bfc54}</UniqueIdentifier>
    </Filter>
    <Filter Include="Headerdateien\Fahrzeuge">
      <UniqueIdentifier>{732e87aa-7d9f-464a-8a5b-cfb10252fd6d}</UniqueIdentifier>
    </Filter>
    <Filter Include="Quelldateien\Libs">
      <UniqueIdentifier>{7ad08df1-f4ce-4cf3-9572-61f9ac87ce62}</UniqueIdentifier>
    </Filter>
    <Filter Include="Headerdateien\Libs">
      <UniqueIdentifier>{be6a5743-1f48-4123-82c3-c67976b6a2c4}</UniqueIdentifier>
    </Filter>
  </ItemGroup>
  <ItemGroup>
    <ClInclude Include="resource.h">
      <Filter>Headerdateien</Filter>
    </ClInclude>
    <ClInclude Include="Fahrzeug.h">
      <Filter>Headerdateien\Fahrzeuge</Filter>
    </ClInclude>
    <ClInclude Include="Pkw.h">
      <Filter>Headerdateien\Fahrzeuge</Filter>
    </ClInclude>
    <ClInclude Include="Fahrrad.h">
      <Filter>Headerdateien\Fahrzeuge</Filter>
    </ClInclude>
    <ClInclude Include="MathTools.h">
      <Filter>Headerdateien\Libs</Filter>
    </ClInclude>
    <ClInclude Include="main.h">
      <Filter>Headerdateien</Filter>
    </ClInclude>
  </ItemGroup>
  <ItemGroup>
    <ResourceCompile Include="Aufgabenblock_1.rc">
      <Filter>Ressourcendateien</Filter>
    </ResourceCompile>
  </ItemGroup>
  <ItemGroup>
    <ClCompile Include="main.cpp">
      <Filter>Quelldateien</Filter>
    </ClCompile>
    <ClCompile Include="Fahrzeug.cpp">
      <Filter>Quelldateien\Fahrzeuge</Filter>
    </ClCompile>
    <ClCompile Include="Pkw.cpp">
      <Filter>Quelldateien\Fahrzeuge</Filter>
    </ClCompile>
    <ClCompile Include="Fahrrad.cpp">
      <Filter>Quelldateien\Fahrzeuge</Filter>
    </ClCompile>
    <ClCompile Include="MathTools.cpp">
      <Filter>Quelldateien\Libs</Filter>
    </ClCompile>
  </ItemGroup>
</Project>